
Microsoft Visual Studio Solution File, Format Version 12.00
# Visual Studio 15
VisualStudioVersion = 15.0.28307.1231
MinimumVisualStudioVersion = 10.0.40219.1
Project("{FAE04EC0-301F-11D3-BF4B-00C04F79EFBC}") = "EducationSystem", "EducationSystem\EducationSystem.csproj", "{3C179DBA-7B6B-4DAC-BFE2-8D0C404CADC3}"
EndProject
Global
	GlobalSection(SolutionConfigurationPlatforms) = preSolution
		Debug|Any CPU = Debug|Any CPU
		Release|Any CPU = Release|Any CPU
	EndGlobalSection
	GlobalSection(ProjectConfigurationPlatforms) = postSolution
		{3C179DBA-7B6B-4DAC-BFE2-8D0C404CADC3}.Debug|Any CPU.ActiveCfg = Debug|Any CPU
		{3C179DBA-7B6B-4DAC-BFE2-8D0C404CADC3}.Debug|Any CPU.Build.0 = Debug|Any CPU
		{3C179DBA-7B6B-4DAC-BFE2-8D0C404CADC3}.Release|Any CPU.ActiveCfg = Release|Any CPU
		{3C179DBA-7B6B-4DAC-BFE2-8D0C404CADC3}.Release|Any CPU.Build.0 = Release|Any CPU
	EndGlobalSection
	GlobalSection(SolutionProperties) = preSolution
		HideSolutionNode = FALSE
	EndGlobalSection
	GlobalSection(ExtensibilityGlobals) = postSolution
		SolutionGuid = {4DB6D4F6-A1FC-4B81-9B59-6AC3C84E0E68}
	EndGlobalSection
EndGlobal
